
Microsoft Visual Studio Solution File, Format Version 12.00
# Visual Studio Version 17
VisualStudioVersion = 17.1.32328.378
MinimumVisualStudioVersion = 10.0.40219.1
Project("{FAE04EC0-301F-11D3-BF4B-00C04F79EFBC}") = "Spreadsheet_Molly_Iverson", "Spreadsheet_Molly_Iverson\Spreadsheet_Molly_Iverson.csproj", "{41FFAA78-BCCB-469F-BF57-8CA29AB8D33C}"
EndProject
Project("{9A19103F-16F7-4668-BE54-9A1E7A4F7556}") = "SpreadsheetApplicationTests", "SpreadsheetTests\SpreadsheetApplicationTests.csproj", "{0C0CA1B9-1408-41CC-8D05-674B28A875DC}"
EndProject
Project("{FAE04EC0-301F-11D3-BF4B-00C04F79EFBC}") = "SpreadsheetEngine", "SpreadsheetEngine\SpreadsheetEngine.csproj", "{853307F2-6C12-430E-A332-9DBE0226DC3C}"
EndProject
Global
	GlobalSection(SolutionConfigurationPlatforms) = preSolution
		Debug|Any CPU = Debug|Any CPU
		Release|Any CPU = Release|Any CPU
	EndGlobalSection
	GlobalSection(ProjectConfigurationPlatforms) = postSolution
		{41FFAA78-BCCB-469F-BF57-8CA29AB8D33C}.Debug|Any CPU.ActiveCfg = Debug|Any CPU
		{41FFAA78-BCCB-469F-BF57-8CA29AB8D33C}.Debug|Any CPU.Build.0 = Debug|Any CPU
		{41FFAA78-BCCB-469F-BF57-8CA29AB8D33C}.Release|Any CPU.ActiveCfg = Release|Any CPU
		{41FFAA78-BCCB-469F-BF57-8CA29AB8D33C}.Release|Any CPU.Build.0 = Release|Any CPU
		{0C0CA1B9-1408-41CC-8D05-674B28A875DC}.Debug|Any CPU.ActiveCfg = Debug|Any CPU
		{0C0CA1B9-1408-41CC-8D05-674B28A875DC}.Debug|Any CPU.Build.0 = Debug|Any CPU
		{0C0CA1B9-1408-41CC-8D05-674B28A875DC}.Release|Any CPU.ActiveCfg = Release|Any CPU
		{0C0CA1B9-1408-41CC-8D05-674B28A875DC}.Release|Any CPU.Build.0 = Release|Any CPU
		{853307F2-6C12-430E-A332-9DBE0226DC3C}.Debug|Any CPU.ActiveCfg = Debug|Any CPU
		{853307F2-6C12-430E-A332-9DBE0226DC3C}.Debug|Any CPU.Build.0 = Debug|Any CPU
		{853307F2-6C12-430E-A332-9DBE0226DC3C}.Release|Any CPU.ActiveCfg = Release|Any CPU
		{853307F2-6C12-430E-A332-9DBE0226DC3C}.Release|Any CPU.Build.0 = Release|Any CPU
	EndGlobalSection
	GlobalSection(SolutionProperties) = preSolution
		HideSolutionNode = FALSE
	EndGlobalSection
	GlobalSection(ExtensibilityGlobals) = postSolution
		SolutionGuid = {A2C25BFE-A740-4B48-AD9B-E09B2211D904}
	EndGlobalSection
EndGlobal
